
Microsoft Visual Studio Solution File, Format Version 12.00
# Visual Studio Version 16
VisualStudioVersion = 16.0.31605.320
MinimumVisualStudioVersion = 10.0.40219.1
Project("{FAE04EC0-301F-11D3-BF4B-00C04F79EFBC}") = "NewLesson4", "NewLesson4\NewLesson4.csproj", "{5C1B2430-B031-4AAA-8C17-1D0863A296E1}"
EndProject
Global
	GlobalSection(SolutionConfigurationPlatforms) = preSolution
		Debug|Any CPU = Debug|Any CPU
		Release|Any CPU = Release|Any CPU
	EndGlobalSection
	GlobalSection(ProjectConfigurationPlatforms) = postSolution
		{5C1B2430-B031-4AAA-8C17-1D0863A296E1}.Debug|Any CPU.ActiveCfg = Debug|Any CPU
		{5C1B2430-B031-4AAA-8C17-1D0863A296E1}.Debug|Any CPU.Build.0 = Debug|Any CPU
		{5C1B2430-B031-4AAA-8C17-1D0863A296E1}.Release|Any CPU.ActiveCfg = Release|Any CPU
		{5C1B2430-B031-4AAA-8C17-1D0863A296E1}.Release|Any CPU.Build.0 = Release|Any CPU
	EndGlobalSection
	GlobalSection(SolutionProperties) = preSolution
		HideSolutionNode = FALSE
	EndGlobalSection
	GlobalSection(ExtensibilityGlobals) = postSolution
		SolutionGuid = {0D20CFE2-5B93-4B5C-A776-6753A371A20D}
	EndGlobalSection
EndGlobal
